
Microsoft Visual Studio Solution File, Format Version 12.00
# Visual Studio 15
VisualStudioVersion = 15.0.28307.168
MinimumVisualStudioVersion = 10.0.40219.1
Project("{8BC9CEB8-8B4A-11D0-8D11-00A0C91BC942}") = "1.CreateWindow", "1.CreateWindow\1.CreateWindow.vcxproj", "{5A4234BA-9B20-4CD4-B9F0-D7BC800EDB93}"
EndProject
Project("{8BC9CEB8-8B4A-11D0-8D11-00A0C91BC942}") = "2.Framework", "2.Framework\2.Framework.vcxproj", "{1017D18F-DC3A-4385-9656-592099B2633C}"
EndProject
Project("{8BC9CEB8-8B4A-11D0-8D11-00A0C91BC942}") = "3.Instance", "3.Instance\3.Instance.vcxproj", "{4C4D2D4C-CD36-40A9-BFEF-482A3715BCEB}"
EndProject
Project("{8BC9CEB8-8B4A-11D0-8D11-00A0C91BC942}") = "4.ValidationLayers", "4.ValidationLayers\4.ValidationLayers.vcxproj", "{674B2862-2AAE-4191-8AC3-02AA0795A16A}"
EndProject
Project("{8BC9CEB8-8B4A-11D0-8D11-00A0C91BC942}") = "5.PhysicalDevice", "5.PhysicalDevice\5.PhysicalDevice.vcxproj", "{B0283A33-F67F-456A-9D70-4DCE382836A1}"
EndProject
Project("{8BC9CEB8-8B4A-11D0-8D11-00A0C91BC942}") = "6.LogicalDevice", "6.LogicalDevice\6.LogicalDevice.vcxproj", "{6FDBDFAB-9658-4B84-99A7-403DEDE733AE}"
EndProject
Project("{8BC9CEB8-8B4A-11D0-8D11-00A0C91BC942}") = "7.WindowSurface", "7.WindowSurface\7.WindowSurface.vcxproj", "{9B47A61D-54A4-42BF-AC0B-3116D843AE14}"
EndProject
Project("{8BC9CEB8-8B4A-11D0-8D11-00A0C91BC942}") = "8.SwapChain", "8.SwapChain\8.SwapChain.vcxproj", "{5C2A3C19-1B3C-40C8-9F87-0AAC728B1EF0}"
EndProject
Global
	GlobalSection(SolutionConfigurationPlatforms) = preSolution
		Debug|x64 = Debug|x64
		Debug|x86 = Debug|x86
		Release|x64 = Release|x64
		Release|x86 = Release|x86
	EndGlobalSection
	GlobalSection(ProjectConfigurationPlatforms) = postSolution
		{5A4234BA-9B20-4CD4-B9F0-D7BC800EDB93}.Debug|x64.ActiveCfg = Debug|x64
		{5A4234BA-9B20-4CD4-B9F0-D7BC800EDB93}.Debug|x64.Build.0 = Debug|x64
		{5A4234BA-9B20-4CD4-B9F0-D7BC800EDB93}.Debug|x86.ActiveCfg = Debug|Win32
		{5A4234BA-9B20-4CD4-B9F0-D7BC800EDB93}.Debug|x86.Build.0 = Debug|Win32
		{5A4234BA-9B20-4CD4-B9F0-D7BC800EDB93}.Release|x64.ActiveCfg = Release|x64
		{5A4234BA-9B20-4CD4-B9F0-D7BC800EDB93}.Release|x64.Build.0 = Release|x64
		{5A4234BA-9B20-4CD4-B9F0-D7BC800EDB93}.Release|x86.ActiveCfg = Release|Win32
		{5A4234BA-9B20-4CD4-B9F0-D7BC800EDB93}.Release|x86.Build.0 = Release|Win32
		{1017D18F-DC3A-4385-9656-592099B2633C}.Debug|x64.ActiveCfg = Debug|x64
		{1017D18F-DC3A-4385-9656-592099B2633C}.Debug|x64.Build.0 = Debug|x64
		{1017D18F-DC3A-4385-9656-592099B2633C}.Debug|x86.ActiveCfg = Debug|Win32
		{1017D18F-DC3A-4385-9656-592099B2633C}.Debug|x86.Build.0 = Debug|Win32
		{1017D18F-DC3A-4385-9656-592099B2633C}.Release|x64.ActiveCfg = Release|x64
		{1017D18F-DC3A-4385-9656-592099B2633C}.Release|x64.Build.0 = Release|x64
		{1017D18F-DC3A-4385-9656-592099B2633C}.Release|x86.ActiveCfg = Release|Win32
		{1017D18F-DC3A-4385-9656-592099B2633C}.Release|x86.Build.0 = Release|Win32
		{4C4D2D4C-CD36-40A9-BFEF-482A3715BCEB}.Debug|x64.ActiveCfg = Debug|x64
		{4C4D2D4C-CD36-40A9-BFEF-482A3715BCEB}.Debug|x64.Build.0 = Debug|x64
		{4C4D2D4C-CD36-40A9-BFEF-482A3715BCEB}.Debug|x86.ActiveCfg = Debug|Win32
		{4C4D2D4C-CD36-40A9-BFEF-482A3715BCEB}.Debug|x86.Build.0 = Debug|Win32
		{4C4D2D4C-CD36-40A9-BFEF-482A3715BCEB}.Release|x64.ActiveCfg = Release|x64
		{4C4D2D4C-CD36-40A9-BFEF-482A3715BCEB}.Release|x64.Build.0 = Release|x64
		{4C4D2D4C-CD36-40A9-BFEF-482A3715BCEB}.Release|x86.ActiveCfg = Release|Win32
		{4C4D2D4C-CD36-40A9-BFEF-482A3715BCEB}.Release|x86.Build.0 = Release|Win32
		{674B2862-2AAE-4191-8AC3-02AA0795A16A}.Debug|x64.ActiveCfg = Debug|x64
		{674B2862-2AAE-4191-8AC3-02AA0795A16A}.Debug|x64.Build.0 = Debug|x64
		{674B2862-2AAE-4191-8AC3-02AA0795A16A}.Debug|x86.ActiveCfg = Debug|Win32
		{674B2862-2AAE-4191-8AC3-02AA0795A16A}.Debug|x86.Build.0 = Debug|Win32
		{674B2862-2AAE-4191-8AC3-02AA0795A16A}.Release|x64.ActiveCfg = Release|x64
		{674B2862-2AAE-4191-8AC3-02AA0795A16A}.Release|x64.Build.0 = Release|x64
		{674B2862-2AAE-4191-8AC3-02AA0795A16A}.Release|x86.ActiveCfg = Release|Win32
		{674B2862-2AAE-4191-8AC3-02AA0795A16A}.Release|x86.Build.0 = Release|Win32
		{B0283A33-F67F-456A-9D70-4DCE382836A1}.Debug|x64.ActiveCfg = Debug|x64
		{B0283A33-F67F-456A-9D70-4DCE382836A1}.Debug|x64.Build.0 = Debug|x64
		{B0283A33-F67F-456A-9D70-4DCE382836A1}.Debug|x86.ActiveCfg = Debug|Win32
		{B0283A33-F67F-456A-9D70-4DCE382836A1}.Debug|x86.Build.0 = Debug|Win32
		{B0283A33-F67F-456A-9D70-4DCE382836A1}.Release|x64.ActiveCfg = Release|x64
		{B0283A33-F67F-456A-9D70-4DCE382836A1}.Release|x64.Build.0 = Release|x64
		{B0283A33-F67F-456A-9D70-4DCE382836A1}.Release|x86.ActiveCfg = Release|Win32
		{B0283A33-F67F-456A-9D70-4DCE382836A1}.Release|x86.Build.0 = Release|Win32
		{6FDBDFAB-9658-4B84-99A7-403DEDE733AE}.Debug|x64.ActiveCfg = Debug|x64
		{6FDBDFAB-9658-4B84-99A7-403DEDE733AE}.Debug|x64.Build.0 = Debug|x64
		{6FDBDFAB-9658-4B84-99A7-403DEDE733AE}.Debug|x86.ActiveCfg = Debug|Win32
		{6FDBDFAB-9658-4B84-99A7-403DEDE733AE}.Debug|x86.Build.0 = Debug|Win32
		{6FDBDFAB-9658-4B84-99A7-403DEDE733AE}.Release|x64.ActiveCfg = Release|x64
		{6FDBDFAB-9658-4B84-99A7-403DEDE733AE}.Release|x64.Build.0 = Release|x64
		{6FDBDFAB-9658-4B84-99A7-403DEDE733AE}.Release|x86.ActiveCfg = Release|Win32
		{6FDBDFAB-9658-4B84-99A7-403DEDE733AE}.Release|x86.Build.0 = Release|Win32
		{9B47A61D-54A4-42BF-AC0B-3116D843AE14}.Debug|x64.ActiveCfg = Debug|x64
		{9B47A61D-54A4-42BF-AC0B-3116D843AE14}.Debug|x64.Build.0 = Debug|x64
		{9B47A61D-54A4-42BF-AC0B-3116D843AE14}.Debug|x86.ActiveCfg = Debug|Win32
		{9B47A61D-54A4-42BF-AC0B-3116D843AE14}.Debug|x86.Build.0 = Debug|Win32
		{9B47A61D-54A4-42BF-AC0B-3116D843AE14}.Release|x64.ActiveCfg = Release|x64
		{9B47A61D-54A4-42BF-AC0B-3116D843AE14}.Release|x64.Build.0 = Release|x64
		{9B47A61D-54A4-42BF-AC0B-3116D843AE14}.Release|x86.ActiveCfg = Release|Win32
		{9B47A61D-54A4-42BF-AC0B-3116D843AE14}.Release|x86.Build.0 = Release|Win32
		{5C2A3C19-1B3C-40C8-9F87-0AAC728B1EF0}.Debug|x64.ActiveCfg = Debug|x64
		{5C2A3C19-1B3C-40C8-9F87-0AAC728B1EF0}.Debug|x64.Build.0 = Debug|x64
		{5C2A3C19-1B3C-40C8-9F87-0AAC728B1EF0}.Debug|x86.ActiveCfg = Debug|Win32
		{5C2A3C19-1B3C-40C8-9F87-0AAC728B1EF0}.Debug|x86.Build.0 = Debug|Win32
		{5C2A3C19-1B3C-40C8-9F87-0AAC728B1EF0}.Release|x64.ActiveCfg = Release|x64
		{5C2A3C19-1B3C-40C8-9F87-0AAC728B1EF0}.Release|x64.Build.0 = Release|x64
		{5C2A3C19-1B3C-40C8-9F87-0AAC728B1EF0}.Release|x86.ActiveCfg = Release|Win32
		{5C2A3C19-1B3C-40C8-9F87-0AAC728B1EF0}.Release|x86.Build.0 = Release|Win32
	EndGlobalSection
	GlobalSection(SolutionProperties) = preSolution
		HideSolutionNode = FALSE
	EndGlobalSection
	GlobalSection(ExtensibilityGlobals) = postSolution
		SolutionGuid = {293281FC-3857-4268-93D6-25EFCA54D92C}
	EndGlobalSection
EndGlobal
