
Microsoft Visual Studio Solution File, Format Version 12.00
# Visual Studio 15
VisualStudioVersion = 15.0.28307.168
MinimumVisualStudioVersion = 10.0.40219.1
Project("{8BC9CEB8-8B4A-11D0-8D11-00A0C91BC942}") = "1.CreateWindow", "1.CreateWindow\1.CreateWindow.vcxproj", "{5A4234BA-9B20-4CD4-B9F0-D7BC800EDB93}"
EndProject
Project("{8BC9CEB8-8B4A-11D0-8D11-00A0C91BC942}") = "2.Framework", "2.Framework\2.Framework.vcxproj", "{1017D18F-DC3A-4385-9656-592099B2633C}"
EndProject
Global
	GlobalSection(SolutionConfigurationPlatforms) = preSolution
		Debug|x64 = Debug|x64
		Debug|x86 = Debug|x86
		Release|x64 = Release|x64
		Release|x86 = Release|x86
	EndGlobalSection
	GlobalSection(ProjectConfigurationPlatforms) = postSolution
		{5A4234BA-9B20-4CD4-B9F0-D7BC800EDB93}.Debug|x64.ActiveCfg = Debug|x64
		{5A4234BA-9B20-4CD4-B9F0-D7BC800EDB93}.Debug|x64.Build.0 = Debug|x64
		{5A4234BA-9B20-4CD4-B9F0-D7BC800EDB93}.Debug|x86.ActiveCfg = Debug|Win32
		{5A4234BA-9B20-4CD4-B9F0-D7BC800EDB93}.Debug|x86.Build.0 = Debug|Win32
		{5A4234BA-9B20-4CD4-B9F0-D7BC800EDB93}.Release|x64.ActiveCfg = Release|x64
		{5A4234BA-9B20-4CD4-B9F0-D7BC800EDB93}.Release|x64.Build.0 = Release|x64
		{5A4234BA-9B20-4CD4-B9F0-D7BC800EDB93}.Release|x86.ActiveCfg = Release|Win32
		{5A4234BA-9B20-4CD4-B9F0-D7BC800EDB93}.Release|x86.Build.0 = Release|Win32
		{1017D18F-DC3A-4385-9656-592099B2633C}.Debug|x64.ActiveCfg = Debug|x64
		{1017D18F-DC3A-4385-9656-592099B2633C}.Debug|x64.Build.0 = Debug|x64
		{1017D18F-DC3A-4385-9656-592099B2633C}.Debug|x86.ActiveCfg = Debug|Win32
		{1017D18F-DC3A-4385-9656-592099B2633C}.Debug|x86.Build.0 = Debug|Win32
		{1017D18F-DC3A-4385-9656-592099B2633C}.Release|x64.ActiveCfg = Release|x64
		{1017D18F-DC3A-4385-9656-592099B2633C}.Release|x64.Build.0 = Release|x64
		{1017D18F-DC3A-4385-9656-592099B2633C}.Release|x86.ActiveCfg = Release|Win32
		{1017D18F-DC3A-4385-9656-592099B2633C}.Release|x86.Build.0 = Release|Win32
	EndGlobalSection
	GlobalSection(SolutionProperties) = preSolution
		HideSolutionNode = FALSE
	EndGlobalSection
	GlobalSection(ExtensibilityGlobals) = postSolution
		SolutionGuid = {293281FC-3857-4268-93D6-25EFCA54D92C}
	EndGlobalSection
EndGlobal
