
Microsoft Visual Studio Solution File, Format Version 12.00
# Visual Studio Version 17
Project("{2150E333-8FDC-42A3-9474-1A3956D46DE8}") = "Dependencies", "Dependencies", "{53E47842-3FC8-3998-A828-34EB942B241A}"
EndProject
Project("{8BC9CEB8-8B4A-11D0-8D11-00A0C91BC942}") = "ImGui", "ImGui.vcxproj", "{C0FF640D-2C14-8DBE-F595-301E616989EF}"
EndProject
Project("{8BC9CEB8-8B4A-11D0-8D11-00A0C91BC942}") = "Etc2Compress", "Etc2Compress.vcxproj", "{BF96C984-ABF9-5829-547F-91DF40C124AC}"
EndProject
Project("{8BC9CEB8-8B4A-11D0-8D11-00A0C91BC942}") = "MeshBake", "MeshBake.vcxproj", "{655AFBFD-5127-5609-7A40-44B1666C8B97}"
EndProject
Project("{8BC9CEB8-8B4A-11D0-8D11-00A0C91BC942}") = "Shaders", "..\Assets\Shaders\Shaders.vcxproj", "{EFAC8DF2-5B8C-0C8E-64A4-9764D00273EF}"
EndProject
Project("{8BC9CEB8-8B4A-11D0-8D11-00A0C91BC942}") = "VulkanApp", "VulkanApp.vcxproj", "{77264388-E390-F7FE-2CCF-A8A49878D553}"
	ProjectSection(ProjectDependencies) = postProject
		{EFAC8DF2-5B8C-0C8E-64A4-9764D00273EF} = {EFAC8DF2-5B8C-0C8E-64A4-9764D00273EF}
	EndProjectSection
EndProject
Global
	GlobalSection(SolutionConfigurationPlatforms) = preSolution
		Debug|Win32 = Debug|Win32
		Debug|x64 = Debug|x64
		Release|Win32 = Release|Win32
		Release|x64 = Release|x64
	EndGlobalSection
	GlobalSection(ProjectConfigurationPlatforms) = postSolution
		{C0FF640D-2C14-8DBE-F595-301E616989EF}.Debug|Win32.ActiveCfg = Debug|Win32
		{C0FF640D-2C14-8DBE-F595-301E616989EF}.Debug|Win32.Build.0 = Debug|Win32
		{C0FF640D-2C14-8DBE-F595-301E616989EF}.Debug|x64.ActiveCfg = Debug|x64
		{C0FF640D-2C14-8DBE-F595-301E616989EF}.Debug|x64.Build.0 = Debug|x64
		{C0FF640D-2C14-8DBE-F595-301E616989EF}.Release|Win32.ActiveCfg = Release|Win32
		{C0FF640D-2C14-8DBE-F595-301E616989EF}.Release|Win32.Build.0 = Release|Win32
		{C0FF640D-2C14-8DBE-F595-301E616989EF}.Release|x64.ActiveCfg = Release|x64
		{C0FF640D-2C14-8DBE-F595-301E616989EF}.Release|x64.Build.0 = Release|x64
		{BF96C984-ABF9-5829-547F-91DF40C124AC}.Debug|Win32.ActiveCfg = Debug|Win32
		{BF96C984-ABF9-5829-547F-91DF40C124AC}.Debug|Win32.Build.0 = Debug|Win32
		{BF96C984-ABF9-5829-547F-91DF40C124AC}.Debug|x64.ActiveCfg = Debug|x64
		{BF96C984-ABF9-5829-547F-91DF40C124AC}.Debug|x64.Build.0 = Debug|x64
		{BF96C984-ABF9-5829-547F-91DF40C124AC}.Release|Win32.ActiveCfg = Release|Win32
		{BF96C984-ABF9-5829-547F-91DF40C124AC}.Release|Win32.Build.0 = Release|Win32
		{BF96C984-ABF9-5829-547F-91DF40C124AC}.Release|x64.ActiveCfg = Release|x64
		{BF96C984-ABF9-5829-547F-91DF40C124AC}.Release|x64.Build.0 = Release|x64
		{655AFBFD-5127-5609-7A40-44B1666C8B97}.Debug|Win32.ActiveCfg = Debug|Win32
		{655AFBFD-5127-5609-7A40-44B1666C8B97}.Debug|Win32.Build.0 = Debug|Win32
		{655AFBFD-5127-5609-7A40-44B1666C8B97}.Debug|x64.ActiveCfg = Debug|x64
		{655AFBFD-5127-5609-7A40-44B1666C8B97}.Debug|x64.Build.0 = Debug|x64
		{655AFBFD-5127-5609-7A40-44B1666C8B97}.Release|Win32.ActiveCfg = Release|Win32
		{655AFBFD-5127-5609-7A40-44B1666C8B97}.Release|Win32.Build.0 = Release|Win32
		{655AFBFD-5127-5609-7A40-44B1666C8B97}.Release|x64.ActiveCfg = Release|x64
		{655AFBFD-5127-5609-7A40-44B1666C8B97}.Release|x64.Build.0 = Release|x64
		{EFAC8DF2-5B8C-0C8E-64A4-9764D00273EF}.Debug|Win32.ActiveCfg = Debug|Win32
		{EFAC8DF2-5B8C-0C8E-64A4-9764D00273EF}.Debug|Win32.Build.0 = Debug|Win32
		{EFAC8DF2-5B8C-0C8E-64A4-9764D00273EF}.Debug|x64.ActiveCfg = Debug|x64
		{EFAC8DF2-5B8C-0C8E-64A4-9764D00273EF}.Debug|x64.Build.0 = Debug|x64
		{EFAC8DF2-5B8C-0C8E-64A4-9764D00273EF}.Release|Win32.ActiveCfg = Release|Win32
		{EFAC8DF2-5B8C-0C8E-64A4-9764D00273EF}.Release|Win32.Build.0 = Release|Win32
		{EFAC8DF2-5B8C-0C8E-64A4-9764D00273EF}.Release|x64.ActiveCfg = Release|x64
		{EFAC8DF2-5B8C-0C8E-64A4-9764D00273EF}.Release|x64.Build.0 = Release|x64
		{77264388-E390-F7FE-2CCF-A8A49878D553}.Debug|Win32.ActiveCfg = Debug|Win32
		{77264388-E390-F7FE-2CCF-A8A49878D553}.Debug|Win32.Build.0 = Debug|Win32
		{77264388-E390-F7FE-2CCF-A8A49878D553}.Debug|x64.ActiveCfg = Debug|x64
		{77264388-E390-F7FE-2CCF-A8A49878D553}.Debug|x64.Build.0 = Debug|x64
		{77264388-E390-F7FE-2CCF-A8A49878D553}.Release|Win32.ActiveCfg = Release|Win32
		{77264388-E390-F7FE-2CCF-A8A49878D553}.Release|Win32.Build.0 = Release|Win32
		{77264388-E390-F7FE-2CCF-A8A49878D553}.Release|x64.ActiveCfg = Release|x64
		{77264388-E390-F7FE-2CCF-A8A49878D553}.Release|x64.Build.0 = Release|x64
	EndGlobalSection
	GlobalSection(SolutionProperties) = preSolution
		HideSolutionNode = FALSE
	EndGlobalSection
	GlobalSection(NestedProjects) = preSolution
		{C0FF640D-2C14-8DBE-F595-301E616989EF} = {53E47842-3FC8-3998-A828-34EB942B241A}
	EndGlobalSection
EndGlobal
