<?xml version="1.0" encoding="utf-8"?>
<Project ToolsVersion="4.0" xmlns="http://schemas.microsoft.com/developer/msbuild/2003">
  <ItemGroup>
    <Filter Include="Headers">
      <UniqueIdentifier>{C196CD9C-2D76-4C38-368E-D70EA2ECB299}</UniqueIdentifier>
    </Filter>
    <Filter Include="Sources">
      <UniqueIdentifier>{89565304-F535-D29F-FE4D-5D766AAC3801}</UniqueIdentifier>
    </Filter>
  </ItemGroup>
  <ItemGroup>
    <ClInclude Include="..\VulkanApp\src\Camera.h">
      <Filter>Headers</Filter>
    </ClInclude>
    <ClInclude Include="..\VulkanApp\src\LoadModelObj.h">
      <Filter>Headers</Filter>
    </ClInclude>
    <ClInclude Include="..\VulkanApp\src\Model.h">
      <Filter>Headers</Filter>
    </ClInclude>
    <ClInclude Include="..\VulkanApp\src\SimpleModel.h">
      <Filter>Headers</Filter>
    </ClInclude>
    <ClInclude Include="..\VulkanApp\src\Vertex.h">
      <Filter>Headers</Filter>
    </ClInclude>
    <ClInclude Include="..\VulkanApp\src\VulkanApplication.h">
      <Filter>Headers</Filter>
    </ClInclude>
    <ClInclude Include="..\VulkanApp\src\glm.h">
      <Filter>Headers</Filter>
    </ClInclude>
  </ItemGroup>
  <ItemGroup>
    <ClCompile Include="..\ThirdParty\VulkanMemoryAllocator\src\vk_mem_alloc.cpp">
      <Filter>Sources</Filter>
    </ClCompile>
    <ClCompile Include="..\ThirdParty\volk\src\volk.c">
      <Filter>Sources</Filter>
    </ClCompile>
    <ClCompile Include="..\VulkanApp\src\ImGui\ImGuiBuild.cpp">
      <Filter>Sources</Filter>
    </ClCompile>
    <ClCompile Include="..\VulkanApp\src\LoadModelObj.cpp">
      <Filter>Sources</Filter>
    </ClCompile>
    <ClCompile Include="..\VulkanApp\src\Model.cpp">
      <Filter>Sources</Filter>
    </ClCompile>
    <ClCompile Include="..\VulkanApp\src\VulkanApplication.cpp">
      <Filter>Sources</Filter>
    </ClCompile>
    <ClCompile Include="..\VulkanApp\src\labutils\allocator.cpp">
      <Filter>Sources</Filter>
    </ClCompile>
    <ClCompile Include="..\VulkanApp\src\labutils\context_helpers.cpp">
      <Filter>Sources</Filter>
    </ClCompile>
    <ClCompile Include="..\VulkanApp\src\labutils\error.cpp">
      <Filter>Sources</Filter>
    </ClCompile>
    <ClCompile Include="..\VulkanApp\src\labutils\to_string.cpp">
      <Filter>Sources</Filter>
    </ClCompile>
    <ClCompile Include="..\VulkanApp\src\labutils\vkbuffer.cpp">
      <Filter>Sources</Filter>
    </ClCompile>
    <ClCompile Include="..\VulkanApp\src\labutils\vkimage.cpp">
      <Filter>Sources</Filter>
    </ClCompile>
    <ClCompile Include="..\VulkanApp\src\labutils\vkobject.cpp">
      <Filter>Sources</Filter>
    </ClCompile>
    <ClCompile Include="..\VulkanApp\src\labutils\vkutil.cpp">
      <Filter>Sources</Filter>
    </ClCompile>
    <ClCompile Include="..\VulkanApp\src\labutils\vulkan_context.cpp">
      <Filter>Sources</Filter>
    </ClCompile>
    <ClCompile Include="..\VulkanApp\src\labutils\vulkan_window.cpp">
      <Filter>Sources</Filter>
    </ClCompile>
    <ClCompile Include="..\VulkanApp\src\main.cpp">
      <Filter>Sources</Filter>
    </ClCompile>
  </ItemGroup>
</Project>